
Microsoft Visual Studio Solution File, Format Version 12.00
# Visual Studio 15
VisualStudioVersion = 15.0.27130.2024
MinimumVisualStudioVersion = 10.0.40219.1
Project("{FAE04EC0-301F-11D3-BF4B-00C04F79EFBC}") = "Project 1 - Section 3", "Project 1 - Section 3\Project 1 - Section 3.csproj", "{0EEE0C4E-2933-4ECB-8978-03E903C5B165}"
EndProject
Global
	GlobalSection(SolutionConfigurationPlatforms) = preSolution
		Debug|Any CPU = Debug|Any CPU
		Release|Any CPU = Release|Any CPU
	EndGlobalSection
	GlobalSection(ProjectConfigurationPlatforms) = postSolution
		{0EEE0C4E-2933-4ECB-8978-03E903C5B165}.Debug|Any CPU.ActiveCfg = Debug|Any CPU
		{0EEE0C4E-2933-4ECB-8978-03E903C5B165}.Debug|Any CPU.Build.0 = Debug|Any CPU
		{0EEE0C4E-2933-4ECB-8978-03E903C5B165}.Release|Any CPU.ActiveCfg = Release|Any CPU
		{0EEE0C4E-2933-4ECB-8978-03E903C5B165}.Release|Any CPU.Build.0 = Release|Any CPU
	EndGlobalSection
	GlobalSection(SolutionProperties) = preSolution
		HideSolutionNode = FALSE
	EndGlobalSection
	GlobalSection(ExtensibilityGlobals) = postSolution
		SolutionGuid = {5A1552B2-075D-4458-9DDB-0AD39BF3673D}
	EndGlobalSection
EndGlobal
