
Microsoft Visual Studio Solution File, Format Version 12.00
# Visual Studio 15
VisualStudioVersion = 15.0.27130.2024
MinimumVisualStudioVersion = 10.0.40219.1
Project("{FAE04EC0-301F-11D3-BF4B-00C04F79EFBC}") = "chap05_rostergenerator", "chap05_rostergenerator\chap05_rostergenerator.csproj", "{6C831307-E3E0-4CBF-8342-BEC64BAC32E7}"
EndProject
Global
	GlobalSection(SolutionConfigurationPlatforms) = preSolution
		Debug|Any CPU = Debug|Any CPU
		Release|Any CPU = Release|Any CPU
	EndGlobalSection
	GlobalSection(ProjectConfigurationPlatforms) = postSolution
		{6C831307-E3E0-4CBF-8342-BEC64BAC32E7}.Debug|Any CPU.ActiveCfg = Debug|Any CPU
		{6C831307-E3E0-4CBF-8342-BEC64BAC32E7}.Debug|Any CPU.Build.0 = Debug|Any CPU
		{6C831307-E3E0-4CBF-8342-BEC64BAC32E7}.Release|Any CPU.ActiveCfg = Release|Any CPU
		{6C831307-E3E0-4CBF-8342-BEC64BAC32E7}.Release|Any CPU.Build.0 = Release|Any CPU
	EndGlobalSection
	GlobalSection(SolutionProperties) = preSolution
		HideSolutionNode = FALSE
	EndGlobalSection
	GlobalSection(ExtensibilityGlobals) = postSolution
		SolutionGuid = {19733A4F-58F2-4C78-9B71-46614EE68C03}
	EndGlobalSection
EndGlobal
